{
    "name": "flask_server_app",
    "lockfileVersion": 2,
    "requires": true,
    "packages": {
      "": {
        "dependencies": {
          "jsonify": "^0.0.0"
        }
      },
      "node_modules/jsonify": {
        "version": "0.0.0",
        "resolved": "https://registry.npmjs.org/jsonify/-/jsonify-0.0.0.tgz",
        "integrity": "sha512-trvBk1ki43VZptdBI5rIlG4YOzyeH/WefQt5rj1grasPn4iiZWKet8nkgc4GlsAylaztn0qZfUYOiTsASJFdNA==",
        "engines": {
          "node": "*"
        }
      }
    },
    "dependencies": {
      "jsonify": {
        "version": "0.0.0",
        "resolved": "https://registry.npmjs.org/jsonify/-/jsonify-0.0.0.tgz",
        "integrity": "sha512-trvBk1ki43VZptdBI5rIlG4YOzyeH/WefQt5rj1grasPn4iiZWKet8nkgc4GlsAylaztn0qZfUYOiTsASJFdNA=="
      }
    }
  }